lockfileVersion: '9.0'

settings:
  autoInstallPeers: true
  excludeLinksFromLockfile: false

importers:

  .:
    devDependencies:
      '@gplassard/projen-extensions':
        specifier: ^0.1.24
        version: 0.1.24(constructs@10.4.5)(projen@0.99.9(constructs@10.4.5))
      projen:
        specifier: ^0.99.9
        version: 0.99.9(constructs@10.4.5)

packages:

  '@gplassard/projen-extensions@0.1.24':
    resolution: {integrity: sha512-LEEipYNyBDwFXAJs5JicRvMdUMNir06jgMfqvubSU7QVwmnE0GfDHI0XWPyh1EcIKPWa026idwPXatHlLv+ycg==, tarball: https://npm.pkg.github.com/download/@gplassard/projen-extensions/0.1.24/c0ccf592456c769196b74bc99fc7d7d1c6f37bbd}
    peerDependencies:
      constructs: ^10.4.5
      projen: ^0.99.9

  constructs@10.4.5:
    resolution: {integrity: sha512-fOoP70YLevMZr5avJHx2DU3LNYmC6wM8OwdrNewMZou1kZnPGOeVzBrRjZNgFDHUlulYUjkpFRSpTE3D+n+ZSg==}

  projen@0.99.9:
    resolution: {integrity: sha512-yg+0VCwfQyeqwclPuono0vNYKOAsPoO+CCh7xapI2dru8Xw5pEtNs+LEIfFd2pMwEUDTn7QyN/Jt4IfP9jLEzw==}
    engines: {node: '>= 16.0.0'}
    hasBin: true
    peerDependencies:
      constructs: ^10.0.0
    bundledDependencies:
      - '@iarna/toml'
      - case
      - chalk
      - comment-json
      - conventional-changelog-config-spec
      - fast-glob
      - fast-json-patch
      - ini
      - parse-conflict-json
      - semver
      - shx
      - xmlbuilder2
      - yaml
      - yargs

snapshots:

  '@gplassard/projen-extensions@0.1.24(constructs@10.4.5)(projen@0.99.9(constructs@10.4.5))':
    dependencies:
      constructs: 10.4.5
      projen: 0.99.9(constructs@10.4.5)

  constructs@10.4.5: {}

  projen@0.99.9(constructs@10.4.5):
    dependencies:
      constructs: 10.4.5
