lockfileVersion: '9.0'

settings:
  autoInstallPeers: true
  excludeLinksFromLockfile: false

importers:

  .:
    devDependencies:
      '@gplassard/projen-extensions':
        specifier: ^0.1.44
        version: 0.1.44(constructs@10.4.5)(projen@0.99.34(constructs@10.4.5))
      projen:
        specifier: ^0.99.34
        version: 0.99.34(constructs@10.4.5)

packages:

  '@gplassard/projen-extensions@0.1.44':
    resolution: {integrity: sha512-/WV0EOd+vpEV/zT1lI2GWVfWudc43zBPlDuxmPcUbjSj+OscE4gHSZvloosrivqQLwy7LZM1kYU2vBpbQundFg==, tarball: https://npm.pkg.github.com/download/@gplassard/projen-extensions/0.1.44/8b942fba3000aa97c23a5fc19c259e18a7437e7c}
    peerDependencies:
      constructs: ^10.6.0
      projen: ^0.99.34

  constructs@10.4.5:
    resolution: {integrity: sha512-fOoP70YLevMZr5avJHx2DU3LNYmC6wM8OwdrNewMZou1kZnPGOeVzBrRjZNgFDHUlulYUjkpFRSpTE3D+n+ZSg==}

  projen@0.99.34:
    resolution: {integrity: sha512-/eFaYhO9t00aIF9Vnb5WWoq/73gIM2fIiJq4QN+8ox8bXYebRpDmfCW2rlWVy6Oyi1z5qn6TDAHQWyJz+zdAfQ==}
    engines: {node: '>= 16.0.0'}
    hasBin: true
    peerDependencies:
      constructs: ^10.0.0
    bundledDependencies:
      - '@iarna/toml'
      - case
      - chalk
      - comment-json
      - conventional-changelog-config-spec
      - fast-glob
      - fast-json-patch
      - ini
      - parse-conflict-json
      - semver
      - shx
      - xmlbuilder2
      - yaml
      - yargs

snapshots:

  '@gplassard/projen-extensions@0.1.44(constructs@10.4.5)(projen@0.99.34(constructs@10.4.5))':
    dependencies:
      constructs: 10.4.5
      projen: 0.99.34(constructs@10.4.5)

  constructs@10.4.5: {}

  projen@0.99.34(constructs@10.4.5):
    dependencies:
      constructs: 10.4.5
